
Microsoft Visual Studio Solution File, Format Version 12.00
# Visual Studio 15
VisualStudioVersion = 15.0.28010.2036
MinimumVisualStudioVersion = 10.0.40219.1
Project("{FAE04EC0-301F-11D3-BF4B-00C04F79EFBC}") = "_DateTime", "_DateTime\_DateTime.csproj", "{F1F5580C-380F-48A3-A02E-8159C1D70AD1}"
EndProject
Global
	GlobalSection(SolutionConfigurationPlatforms) = preSolution
		Debug|Any CPU = Debug|Any CPU
		Release|Any CPU = Release|Any CPU
	EndGlobalSection
	GlobalSection(ProjectConfigurationPlatforms) = postSolution
		{F1F5580C-380F-48A3-A02E-8159C1D70AD1}.Debug|Any CPU.ActiveCfg = Debug|Any CPU
		{F1F5580C-380F-48A3-A02E-8159C1D70AD1}.Debug|Any CPU.Build.0 = Debug|Any CPU
		{F1F5580C-380F-48A3-A02E-8159C1D70AD1}.Release|Any CPU.ActiveCfg = Release|Any CPU
		{F1F5580C-380F-48A3-A02E-8159C1D70AD1}.Release|Any CPU.Build.0 = Release|Any CPU
	EndGlobalSection
	GlobalSection(SolutionProperties) = preSolution
		HideSolutionNode = FALSE
	EndGlobalSection
	GlobalSection(ExtensibilityGlobals) = postSolution
		SolutionGuid = {D37F1D52-6101-4453-BC7B-BD9B148A7884}
	EndGlobalSection
EndGlobal
